// !$*UTF8*$!
{
	archiveVersion = 1;
	classes = {
	};
	objectVersion = 46;
	objects = {

/* Begin PBXBuildFile section */
		CE09281F1643AC4900163083 /* UIKit.framework in Frameworks */ = {isa = PBXBuildFile; fileRef = CE09281E1643AC4900163083 /* UIKit.framework */; };
		CE0928211643AC4900163083 /* Foundation.framework in Frameworks */ = {isa = PBXBuildFile; fileRef = CE0928201643AC4900163083 /* Foundation.framework */; };
		CE0928231643AC4900163083 /* CoreGraphics.framework in Frameworks */ = {isa = PBXBuildFile; fileRef = CE0928221643AC4900163083 /* CoreGraphics.framework */; };
		CE0928291643AC4900163083 /* InfoPlist.strings in Resources */ = {isa = PBXBuildFile; fileRef = CE0928271643AC4900163083 /* InfoPlist.strings */; };
		CE09282B1643AC4900163083 /* main.m in Sources */ = {isa = PBXBuildFile; fileRef = CE09282A1643AC4900163083 /* main.m */; };
		CE09282F1643AC4900163083 /* HomeAppDelegate.m in Sources */ = {isa = PBXBuildFile; fileRef = CE09282E1643AC4900163083 /* HomeAppDelegate.m */; };
		CE0928321643AC4900163083 /* HomeViewController.m in Sources */ = {isa = PBXBuildFile; fileRef = CE0928311643AC4900163083 /* HomeViewController.m */; };
		CE0928351643AC4900163083 /* HomeViewController.xib in Resources */ = {isa = PBXBuildFile; fileRef = CE0928331643AC4900163083 /* HomeViewController.xib */; };
		CE0928491643AC5F00163083 /* EGORefreshTableHeaderView.m in Sources */ = {isa = PBXBuildFile; fileRef = CE09283F1643AC5F00163083 /* EGORefreshTableHeaderView.m */; };
		CE09284A1643AC5F00163083 /* blackArrow.png in Resources */ = {isa = PBXBuildFile; fileRef = CE0928411643AC5F00163083 /* blackArrow.png */; };
		CE09284B1643AC5F00163083 /* blackArrow@2x.png in Resources */ = {isa = PBXBuildFile; fileRef = CE0928421643AC5F00163083 /* blackArrow@2x.png */; };
		CE09284C1643AC5F00163083 /* blueArrow.png in Resources */ = {isa = PBXBuildFile; fileRef = CE0928431643AC5F00163083 /* blueArrow.png */; };
		CE09284D1643AC5F00163083 /* blueArrow@2x.png in Resources */ = {isa = PBXBuildFile; fileRef = CE0928441643AC5F00163083 /* blueArrow@2x.png */; };
		CE09284E1643AC5F00163083 /* grayArrow.png in Resources */ = {isa = PBXBuildFile; fileRef = CE0928451643AC5F00163083 /* grayArrow.png */; };
		CE09284F1643AC5F00163083 /* grayArrow@2x.png in Resources */ = {isa = PBXBuildFile; fileRef = CE0928461643AC5F00163083 /* grayArrow@2x.png */; };
		CE0928501643AC5F00163083 /* whiteArrow.png in Resources */ = {isa = PBXBuildFile; fileRef = CE0928471643AC5F00163083 /* whiteArrow.png */; };
		CE0928511643AC5F00163083 /* whiteArrow@2x.png in Resources */ = {isa = PBXBuildFile; fileRef = CE0928481643AC5F00163083 /* whiteArrow@2x.png */; };
		CE0928571643B2C300163083 /* QuartzCore.framework in Frameworks */ = {isa = PBXBuildFile; fileRef = CE0928561643B2C300163083 /* QuartzCore.framework */; };
/* End PBXBuildFile section */

/* Begin PBXFileReference section */
		CE09281A1643AC4900163083 /* Refresh.app */ = {isa = PBXFileReference; explicitFileType = wrapper.application; includeInIndex = 0; path = Refresh.app; sourceTree = BUILT_PRODUCTS_DIR; };
		CE09281E1643AC4900163083 /* UIKit.framework */ = {isa = PBXFileReference; lastKnownFileType = wrapper.framework; name = UIKit.framework; path = System/Library/Frameworks/UIKit.framework; sourceTree = SDKROOT; };
		CE0928201643AC4900163083 /* Foundation.framework */ = {isa = PBXFileReference; lastKnownFileType = wrapper.framework; name = Foundation.framework; path = System/Library/Frameworks/Foundation.framework; sourceTree = SDKROOT; };
		CE0928221643AC4900163083 /* CoreGraphics.framework */ = {isa = PBXFileReference; lastKnownFileType = wrapper.framework; name = CoreGraphics.framework; path = System/Library/Frameworks/CoreGraphics.framework; sourceTree = SDKROOT; };
		CE0928261643AC4900163083 /* Refresh-Info.plist */ = {isa = PBXFileReference; lastKnownFileType = text.plist.xml; path = "Refresh-Info.plist"; sourceTree = "<group>"; };
		CE0928281643AC4900163083 /* en */ = {isa = PBXFileReference; lastKnownFileType = text.plist.strings; name = en; path = en.lproj/InfoPlist.strings; sourceTree = "<group>"; };
		CE09282A1643AC4900163083 /* main.m */ = {isa = PBXFileReference; lastKnownFileType = sourcecode.c.objc; path = main.m; sourceTree = "<group>"; };
		CE09282C1643AC4900163083 /* Refresh-Prefix.pch */ = {isa = PBXFileReference; lastKnownFileType = sourcecode.c.h; path = "Refresh-Prefix.pch"; sourceTree = "<group>"; };
		CE09282D1643AC4900163083 /* HomeAppDelegate.h */ = {isa = PBXFileReference; lastKnownFileType = sourcecode.c.h; path = HomeAppDelegate.h; sourceTree = "<group>"; };
		CE09282E1643AC4900163083 /* HomeAppDelegate.m */ = {isa = PBXFileReference; lastKnownFileType = sourcecode.c.objc; path = HomeAppDelegate.m; sourceTree = "<group>"; };
		CE0928301643AC4900163083 /* HomeViewController.h */ = {isa = PBXFileReference; lastKnownFileType = sourcecode.c.h; path = HomeViewController.h; sourceTree = "<group>"; };
		CE0928311643AC4900163083 /* HomeViewController.m */ = {isa = PBXFileReference; lastKnownFileType = sourcecode.c.objc; path = HomeViewController.m; sourceTree = "<group>"; };
		CE0928341643AC4900163083 /* en */ = {isa = PBXFileReference; lastKnownFileType = file.xib; name = en; path = en.lproj/HomeViewController.xib; sourceTree = "<group>"; };
		CE09283E1643AC5F00163083 /* EGORefreshTableHeaderView.h */ = {isa = PBXFileReference; fileEncoding = 4; lastKnownFileType = sourcecode.c.h; path = EGORefreshTableHeaderView.h; sourceTree = "<group>"; };
		CE09283F1643AC5F00163083 /* EGORefreshTableHeaderView.m */ = {isa = PBXFileReference; fileEncoding = 4; lastKnownFileType = sourcecode.c.objc; path = EGORefreshTableHeaderView.m; sourceTree = "<group>"; };
		CE0928411643AC5F00163083 /* blackArrow.png */ = {isa = PBXFileReference; lastKnownFileType = image.png; path = blackArrow.png; sourceTree = "<group>"; };
		CE0928421643AC5F00163083 /* blackArrow@2x.png */ = {isa = PBXFileReference; lastKnownFileType = image.png; path = "blackArrow@2x.png"; sourceTree = "<group>"; };
		CE0928431643AC5F00163083 /* blueArrow.png */ = {isa = PBXFileReference; lastKnownFileType = image.png; path = blueArrow.png; sourceTree = "<group>"; };
		CE0928441643AC5F00163083 /* blueArrow@2x.png */ = {isa = PBXFileReference; lastKnownFileType = image.png; path = "blueArrow@2x.png"; sourceTree = "<group>"; };
		CE0928451643AC5F00163083 /* grayArrow.png */ = {isa = PBXFileReference; lastKnownFileType = image.png; path = grayArrow.png; sourceTree = "<group>"; };
		CE0928461643AC5F00163083 /* grayArrow@2x.png */ = {isa = PBXFileReference; lastKnownFileType = image.png; path = "grayArrow@2x.png"; sourceTree = "<group>"; };
		CE0928471643AC5F00163083 /* whiteArrow.png */ = {isa = PBXFileReference; lastKnownFileType = image.png; path = whiteArrow.png; sourceTree = "<group>"; };
		CE0928481643AC5F00163083 /* whiteArrow@2x.png */ = {isa = PBXFileReference; lastKnownFileType = image.png; path = "whiteArrow@2x.png"; sourceTree = "<group>"; };
		CE0928561643B2C300163083 /* QuartzCore.framework */ = {isa = PBXFileReference; lastKnownFileType = wrapper.framework; name = QuartzCore.framework; path = System/Library/Frameworks/QuartzCore.framework; sourceTree = SDKROOT; };
/* End PBXFileReference section */

/* Begin PBXFrameworksBuildPhase section */
		CE0928171643AC4900163083 /* Frameworks */ = {
			isa = PBXFrameworksBuildPhase;
			buildActionMask = 2147483647;
			files = (
				CE0928571643B2C300163083 /* QuartzCore.framework in Frameworks */,
				CE09281F1643AC4900163083 /* UIKit.framework in Frameworks */,
				CE0928211643AC4900163083 /* Foundation.framework in Frameworks */,
				CE0928231643AC4900163083 /* CoreGraphics.framework in Frameworks */,
			);
			runOnlyForDeploymentPostprocessing = 0;
		};
/* End PBXFrameworksBuildPhase section */

/* Begin PBXGroup section */
		CE09280F1643AC4900163083 = {
			isa = PBXGroup;
			children = (
				CE0928561643B2C300163083 /* QuartzCore.framework */,
				CE09283B1643AC5F00163083 /* EGOTableViewPullRefresh */,
				CE0928241643AC4900163083 /* Refresh */,
				CE09281D1643AC4900163083 /* Frameworks */,
				CE09281B1643AC4900163083 /* Products */,
			);
			sourceTree = "<group>";
		};
		CE09281B1643AC4900163083 /* Products */ = {
			isa = PBXGroup;
			children = (
				CE09281A1643AC4900163083 /* Refresh.app */,
			);
			name = Products;
			sourceTree = "<group>";
		};
		CE09281D1643AC4900163083 /* Frameworks */ = {
			isa = PBXGroup;
			children = (
				CE09281E1643AC4900163083 /* UIKit.framework */,
				CE0928201643AC4900163083 /* Foundation.framework */,
				CE0928221643AC4900163083 /* CoreGraphics.framework */,
			);
			name = Frameworks;
			sourceTree = "<group>";
		};
		CE0928241643AC4900163083 /* Refresh */ = {
			isa = PBXGroup;
			children = (
				CE09282D1643AC4900163083 /* HomeAppDelegate.h */,
				CE09282E1643AC4900163083 /* HomeAppDelegate.m */,
				CE0928301643AC4900163083 /* HomeViewController.h */,
				CE0928311643AC4900163083 /* HomeViewController.m */,
				CE0928331643AC4900163083 /* HomeViewController.xib */,
				CE0928251643AC4900163083 /* Supporting Files */,
			);
			path = Refresh;
			sourceTree = "<group>";
		};
		CE0928251643AC4900163083 /* Supporting Files */ = {
			isa = PBXGroup;
			children = (
				CE0928261643AC4900163083 /* Refresh-Info.plist */,
				CE0928271643AC4900163083 /* InfoPlist.strings */,
				CE09282A1643AC4900163083 /* main.m */,
				CE09282C1643AC4900163083 /* Refresh-Prefix.pch */,
			);
			name = "Supporting Files";
			sourceTree = "<group>";
		};
		CE09283B1643AC5F00163083 /* EGOTableViewPullRefresh */ = {
			isa = PBXGroup;
			children = (
				CE09283C1643AC5F00163083 /* Classes */,
				CE0928401643AC5F00163083 /* Resources */,
			);
			path = EGOTableViewPullRefresh;
			sourceTree = "<group>";
		};
		CE09283C1643AC5F00163083 /* Classes */ = {
			isa = PBXGroup;
			children = (
				CE09283D1643AC5F00163083 /* View */,
			);
			path = Classes;
			sourceTree = "<group>";
		};
		CE09283D1643AC5F00163083 /* View */ = {
			isa = PBXGroup;
			children = (
				CE09283E1643AC5F00163083 /* EGORefreshTableHeaderView.h */,
				CE09283F1643AC5F00163083 /* EGORefreshTableHeaderView.m */,
			);
			path = View;
			sourceTree = "<group>";
		};
		CE0928401643AC5F00163083 /* Resources */ = {
			isa = PBXGroup;
			children = (
				CE0928411643AC5F00163083 /* blackArrow.png */,
				CE0928421643AC5F00163083 /* blackArrow@2x.png */,
				CE0928431643AC5F00163083 /* blueArrow.png */,
				CE0928441643AC5F00163083 /* blueArrow@2x.png */,
				CE0928451643AC5F00163083 /* grayArrow.png */,
				CE0928461643AC5F00163083 /* grayArrow@2x.png */,
				CE0928471643AC5F00163083 /* whiteArrow.png */,
				CE0928481643AC5F00163083 /* whiteArrow@2x.png */,
			);
			path = Resources;
			sourceTree = "<group>";
		};
/* End PBXGroup section */

/* Begin PBXNativeTarget section */
		CE0928191643AC4900163083 /* Refresh */ = {
			isa = PBXNativeTarget;
			buildConfigurationList = CE0928381643AC4900163083 /* Build configuration list for PBXNativeTarget "Refresh" */;
			buildPhases = (
				CE0928161643AC4900163083 /* Sources */,
				CE0928171643AC4900163083 /* Frameworks */,
				CE0928181643AC4900163083 /* Resources */,
			);
			buildRules = (
			);
			dependencies = (
			);
			name = Refresh;
			productName = Refresh;
			productReference = CE09281A1643AC4900163083 /* Refresh.app */;
			productType = "com.apple.product-type.application";
		};
/* End PBXNativeTarget section */

/* Begin PBXProject section */
		CE0928111643AC4900163083 /* Project object */ = {
			isa = PBXProject;
			attributes = {
				CLASSPREFIX = Home;
				LastUpgradeCheck = 0440;
				ORGANIZATIONNAME = zyuq;
			};
			buildConfigurationList = CE0928141643AC4900163083 /* Build configuration list for PBXProject "Refresh" */;
			compatibilityVersion = "Xcode 3.2";
			developmentRegion = English;
			hasScannedForEncodings = 0;
			knownRegions = (
				en,
			);
			mainGroup = CE09280F1643AC4900163083;
			productRefGroup = CE09281B1643AC4900163083 /* Products */;
			projectDirPath = "";
			projectRoot = "";
			targets = (
				CE0928191643AC4900163083 /* Refresh */,
			);
		};
/* End PBXProject section */

/* Begin PBXResourcesBuildPhase section */
		CE0928181643AC4900163083 /* Resources */ = {
			isa = PBXResourcesBuildPhase;
			buildActionMask = 2147483647;
			files = (
				CE0928291643AC4900163083 /* InfoPlist.strings in Resources */,
				CE0928351643AC4900163083 /* HomeViewController.xib in Resources */,
				CE09284A1643AC5F00163083 /* blackArrow.png in Resources */,
				CE09284B1643AC5F00163083 /* blackArrow@2x.png in Resources */,
				CE09284C1643AC5F00163083 /* blueArrow.png in Resources */,
				CE09284D1643AC5F00163083 /* blueArrow@2x.png in Resources */,
				CE09284E1643AC5F00163083 /* grayArrow.png in Resources */,
				CE09284F1643AC5F00163083 /* grayArrow@2x.png in Resources */,
				CE0928501643AC5F00163083 /* whiteArrow.png in Resources */,
				CE0928511643AC5F00163083 /* whiteArrow@2x.png in Resources */,
			);
			runOnlyForDeploymentPostprocessing = 0;
		};
/* End PBXResourcesBuildPhase section */

/* Begin PBXSourcesBuildPhase section */
		CE0928161643AC4900163083 /* Sources */ = {
			isa = PBXSourcesBuildPhase;
			buildActionMask = 2147483647;
			files = (
				CE09282B1643AC4900163083 /* main.m in Sources */,
				CE09282F1643AC4900163083 /* HomeAppDelegate.m in Sources */,
				CE0928321643AC4900163083 /* HomeViewController.m in Sources */,
				CE0928491643AC5F00163083 /* EGORefreshTableHeaderView.m in Sources */,
			);
			runOnlyForDeploymentPostprocessing = 0;
		};
/* End PBXSourcesBuildPhase section */

/* Begin PBXVariantGroup section */
		CE0928271643AC4900163083 /* InfoPlist.strings */ = {
			isa = PBXVariantGroup;
			children = (
				CE0928281643AC4900163083 /* en */,
			);
			name = InfoPlist.strings;
			sourceTree = "<group>";
		};
		CE0928331643AC4900163083 /* HomeViewController.xib */ = {
			isa = PBXVariantGroup;
			children = (
				CE0928341643AC4900163083 /* en */,
			);
			name = HomeViewController.xib;
			sourceTree = "<group>";
		};
/* End PBXVariantGroup section */

/* Begin XCBuildConfiguration section */
		CE0928361643AC4900163083 /* Debug */ = {
			isa = XCBuildConfiguration;
			buildSettings = {
				ALWAYS_SEARCH_USER_PATHS = NO;
				ARCHS = "$(ARCHS_STANDARD_32_BIT)";
				CLANG_CXX_LANGUAGE_STANDARD = "gnu++0x";
				CLANG_WARN__DUPLICATE_METHOD_MATCH = YES;
				"CODE_SIGN_IDENTITY[sdk=iphoneos*]" = "iPhone Developer";
				COPY_PHASE_STRIP = NO;
				GCC_C_LANGUAGE_STANDARD = gnu99;
				GCC_DYNAMIC_NO_PIC = NO;
				GCC_OPTIMIZATION_LEVEL = 0;
				GCC_PREPROCESSOR_DEFINITIONS = (
					"DEBUG=1",
					"$(inherited)",
				);
				GCC_SYMBOLS_PRIVATE_EXTERN = NO;
				GCC_VERSION = com.apple.compilers.llvm.clang.1_0;
				GCC_WARN_ABOUT_RETURN_TYPE = YES;
				GCC_WARN_UNINITIALIZED_AUTOS = YES;
				GCC_WARN_UNUSED_VARIABLE = YES;
				IPHONEOS_DEPLOYMENT_TARGET = 5.1;
				SDKROOT = iphoneos;
			};
			name = Debug;
		};
		CE0928371643AC4900163083 /* Release */ = {
			isa = XCBuildConfiguration;
			buildSettings = {
				ALWAYS_SEARCH_USER_PATHS = NO;
				ARCHS = "$(ARCHS_STANDARD_32_BIT)";
				CLANG_CXX_LANGUAGE_STANDARD = "gnu++0x";
				CLANG_WARN__DUPLICATE_METHOD_MATCH = YES;
				"CODE_SIGN_IDENTITY[sdk=iphoneos*]" = "iPhone Developer";
				COPY_PHASE_STRIP = YES;
				GCC_C_LANGUAGE_STANDARD = gnu99;
				GCC_VERSION = com.apple.compilers.llvm.clang.1_0;
				GCC_WARN_ABOUT_RETURN_TYPE = YES;
				GCC_WARN_UNINITIALIZED_AUTOS = YES;
				GCC_WARN_UNUSED_VARIABLE = YES;
				IPHONEOS_DEPLOYMENT_TARGET = 5.1;
				OTHER_CFLAGS = "-DNS_BLOCK_ASSERTIONS=1";
				SDKROOT = iphoneos;
				VALIDATE_PRODUCT = YES;
			};
			name = Release;
		};
		CE0928391643AC4900163083 /* Debug */ = {
			isa = XCBuildConfiguration;
			buildSettings = {
				GCC_PRECOMPILE_PREFIX_HEADER = YES;
				GCC_PREFIX_HEADER = "Refresh/Refresh-Prefix.pch";
				INFOPLIST_FILE = "Refresh/Refresh-Info.plist";
				PRODUCT_NAME = "$(TARGET_NAME)";
				WRAPPER_EXTENSION = app;
			};
			name = Debug;
		};
		CE09283A1643AC4900163083 /* Release */ = {
			isa = XCBuildConfiguration;
			buildSettings = {
				GCC_PRECOMPILE_PREFIX_HEADER = YES;
				GCC_PREFIX_HEADER = "Refresh/Refresh-Prefix.pch";
				INFOPLIST_FILE = "Refresh/Refresh-Info.plist";
				PRODUCT_NAME = "$(TARGET_NAME)";
				WRAPPER_EXTENSION = app;
			};
			name = Release;
		};
/* End XCBuildConfiguration section */

/* Begin XCConfigurationList section */
		CE0928141643AC4900163083 /* Build configuration list for PBXProject "Refresh" */ = {
			isa = XCConfigurationList;
			buildConfigurations = (
				CE0928361643AC4900163083 /* Debug */,
				CE0928371643AC4900163083 /* Release */,
			);
			defaultConfigurationIsVisible = 0;
			defaultConfigurationName = Release;
		};
		CE0928381643AC4900163083 /* Build configuration list for PBXNativeTarget "Refresh" */ = {
			isa = XCConfigurationList;
			buildConfigurations = (
				CE0928391643AC4900163083 /* Debug */,
				CE09283A1643AC4900163083 /* Release */,
			);
			defaultConfigurationIsVisible = 0;
			defaultConfigurationName = Release;
		};
/* End XCConfigurationList section */
	};
	rootObject = CE0928111643AC4900163083 /* Project object */;
}
